// !$*UTF8*$!
{
	archiveVersion = 1;
	classes = {
	};
	objectVersion = 56;
	objects = {

/* Begin PBXBuildFile section */
		5550B7F52AC0448100D7AA67 /* MapViewModel.swift in Sources */ = {isa = PBXBuildFile; fileRef = 5550B7F42AC0448100D7AA67 /* MapViewModel.swift */; };
		5550B7F72AC049A800D7AA67 /* MapViewRepresentable.swift in Sources */ = {isa = PBXBuildFile; fileRef = 5550B7F62AC049A800D7AA67 /* MapViewRepresentable.swift */; };
		5550B7F92AC06DB800D7AA67 /* TUITexflied.swift in Sources */ = {isa = PBXBuildFile; fileRef = 5550B7F82AC06DB800D7AA67 /* TUITexflied.swift */; };
		5550B8062AC0A81B00D7AA67 /* Action.swift in Sources */ = {isa = PBXBuildFile; fileRef = 5550B8052AC0A81B00D7AA67 /* Action.swift */; };
		5550B8082AC0A82F00D7AA67 /* FlightType.swift in Sources */ = {isa = PBXBuildFile; fileRef = 5550B8072AC0A82F00D7AA67 /* FlightType.swift */; };
		5550B80A2AC0A85400D7AA67 /* AnnotatedItem.swift in Sources */ = {isa = PBXBuildFile; fileRef = 5550B8092AC0A85400D7AA67 /* AnnotatedItem.swift */; };
		5550B80C2AC0A8E400D7AA67 /* Constants.swift in Sources */ = {isa = PBXBuildFile; fileRef = 5550B80B2AC0A8E400D7AA67 /* Constants.swift */; };
		5550B80E2AC0AD4F00D7AA67 /* ContentViewModelTests.swift in Sources */ = {isa = PBXBuildFile; fileRef = 5550B80D2AC0AD4F00D7AA67 /* ContentViewModelTests.swift */; };
		5550B8132AC0D27900D7AA67 /* CitiServiceMock.swift in Sources */ = {isa = PBXBuildFile; fileRef = 5550B8102AC0AE6300D7AA67 /* CitiServiceMock.swift */; };
		5550B8152AC0D85600D7AA67 /* ContentViewUITests.swift in Sources */ = {isa = PBXBuildFile; fileRef = 5550B8142AC0D85600D7AA67 /* ContentViewUITests.swift */; };
		55E3818E2ABCBA7800F46ADB /* TUIGroupApp.swift in Sources */ = {isa = PBXBuildFile; fileRef = 55E3818D2ABCBA7800F46ADB /* TUIGroupApp.swift */; };
		55E381902ABCBA7800F46ADB /* ContentView.swift in Sources */ = {isa = PBXBuildFile; fileRef = 55E3818F2ABCBA7800F46ADB /* ContentView.swift */; };
		55E381922ABCBA7A00F46ADB /* Assets.xcassets in Resources */ = {isa = PBXBuildFile; fileRef = 55E381912ABCBA7A00F46ADB /* Assets.xcassets */; };
		55E381952ABCBA7A00F46ADB /* Preview Assets.xcassets in Resources */ = {isa = PBXBuildFile; fileRef = 55E381942ABCBA7A00F46ADB /* Preview Assets.xcassets */; };
		55E381BC2ABCBCE500F46ADB /* Strings+Extensions.swift in Sources */ = {isa = PBXBuildFile; fileRef = 55E381BB2ABCBCE500F46ADB /* Strings+Extensions.swift */; };
		55E381BE2ABCBD4300F46ADB /* CitiesService.swift in Sources */ = {isa = PBXBuildFile; fileRef = 55E381BD2ABCBD4300F46ADB /* CitiesService.swift */; };
		55E381C22ABCC32000F46ADB /* Connection.swift in Sources */ = {isa = PBXBuildFile; fileRef = 55E381C12ABCC32000F46ADB /* Connection.swift */; };
		55E381C42ABCE95D00F46ADB /* ContentViewModel.swift in Sources */ = {isa = PBXBuildFile; fileRef = 55E381C32ABCE95D00F46ADB /* ContentViewModel.swift */; };
/* End PBXBuildFile section */

/* Begin PBXContainerItemProxy section */
		55E3819B2ABCBA7A00F46ADB /* PBXContainerItemProxy */ = {
			isa = PBXContainerItemProxy;
			containerPortal = 55E381822ABCBA7800F46ADB /* Project object */;
			proxyType = 1;
			remoteGlobalIDString = 55E381892ABCBA7800F46ADB;
			remoteInfo = TUIGroup;
		};
		55E381A52ABCBA7A00F46ADB /* PBXContainerItemProxy */ = {
			isa = PBXContainerItemProxy;
			containerPortal = 55E381822ABCBA7800F46ADB /* Project object */;
			proxyType = 1;
			remoteGlobalIDString = 55E381892ABCBA7800F46ADB;
			remoteInfo = TUIGroup;
		};
/* End PBXContainerItemProxy section */

/* Begin PBXFileReference section */
		5550B7F42AC0448100D7AA67 /* MapViewModel.swift */ = {isa = PBXFileReference; lastKnownFileType = sourcecode.swift; path = MapViewModel.swift; sourceTree = "<group>"; };
		5550B7F62AC049A800D7AA67 /* MapViewRepresentable.swift */ = {isa = PBXFileReference; lastKnownFileType = sourcecode.swift; path = MapViewRepresentable.swift; sourceTree = "<group>"; };
		5550B7F82AC06DB800D7AA67 /* TUITexflied.swift */ = {isa = PBXFileReference; lastKnownFileType = sourcecode.swift; path = TUITexflied.swift; sourceTree = "<group>"; };
		5550B8052AC0A81B00D7AA67 /* Action.swift */ = {isa = PBXFileReference; lastKnownFileType = sourcecode.swift; path = Action.swift; sourceTree = "<group>"; };
		5550B8072AC0A82F00D7AA67 /* FlightType.swift */ = {isa = PBXFileReference; lastKnownFileType = sourcecode.swift; path = FlightType.swift; sourceTree = "<group>"; };
		5550B8092AC0A85400D7AA67 /* AnnotatedItem.swift */ = {isa = PBXFileReference; lastKnownFileType = sourcecode.swift; path = AnnotatedItem.swift; sourceTree = "<group>"; };
		5550B80B2AC0A8E400D7AA67 /* Constants.swift */ = {isa = PBXFileReference; lastKnownFileType = sourcecode.swift; path = Constants.swift; sourceTree = "<group>"; };
		5550B80D2AC0AD4F00D7AA67 /* ContentViewModelTests.swift */ = {isa = PBXFileReference; lastKnownFileType = sourcecode.swift; path = ContentViewModelTests.swift; sourceTree = "<group>"; };
		5550B8102AC0AE6300D7AA67 /* CitiServiceMock.swift */ = {isa = PBXFileReference; lastKnownFileType = sourcecode.swift; path = CitiServiceMock.swift; sourceTree = "<group>"; };
		5550B8142AC0D85600D7AA67 /* ContentViewUITests.swift */ = {isa = PBXFileReference; lastKnownFileType = sourcecode.swift; path = ContentViewUITests.swift; sourceTree = "<group>"; };
		55E3818A2ABCBA7800F46ADB /* TUIGroup.app */ = {isa = PBXFileReference; explicitFileType = wrapper.application; includeInIndex = 0; path = TUIGroup.app; sourceTree = BUILT_PRODUCTS_DIR; };
		55E3818D2ABCBA7800F46ADB /* TUIGroupApp.swift */ = {isa = PBXFileReference; lastKnownFileType = sourcecode.swift; path = TUIGroupApp.swift; sourceTree = "<group>"; };
		55E3818F2ABCBA7800F46ADB /* ContentView.swift */ = {isa = PBXFileReference; lastKnownFileType = sourcecode.swift; path = ContentView.swift; sourceTree = "<group>"; };
		55E381912ABCBA7A00F46ADB /* Assets.xcassets */ = {isa = PBXFileReference; lastKnownFileType = folder.assetcatalog; path = Assets.xcassets; sourceTree = "<group>"; };
		55E381942ABCBA7A00F46ADB /* Preview Assets.xcassets */ = {isa = PBXFileReference; lastKnownFileType = folder.assetcatalog; path = "Preview Assets.xcassets"; sourceTree = "<group>"; };
		55E3819A2ABCBA7A00F46ADB /* TUIGroupTests.xctest */ = {isa = PBXFileReference; explicitFileType = wrapper.cfbundle; includeInIndex = 0; path = TUIGroupTests.xctest; sourceTree = BUILT_PRODUCTS_DIR; };
		55E381A42ABCBA7A00F46ADB /* TUIGroupUITests.xctest */ = {isa = PBXFileReference; explicitFileType = wrapper.cfbundle; includeInIndex = 0; path = TUIGroupUITests.xctest; sourceTree = BUILT_PRODUCTS_DIR; };
		55E381BB2ABCBCE500F46ADB /* Strings+Extensions.swift */ = {isa = PBXFileReference; lastKnownFileType = sourcecode.swift; path = "Strings+Extensions.swift"; sourceTree = "<group>"; };
		55E381BD2ABCBD4300F46ADB /* CitiesService.swift */ = {isa = PBXFileReference; lastKnownFileType = sourcecode.swift; path = CitiesService.swift; sourceTree = "<group>"; };
		55E381C12ABCC32000F46ADB /* Connection.swift */ = {isa = PBXFileReference; lastKnownFileType = sourcecode.swift; path = Connection.swift; sourceTree = "<group>"; };
		55E381C32ABCE95D00F46ADB /* ContentViewModel.swift */ = {isa = PBXFileReference; lastKnownFileType = sourcecode.swift; path = ContentViewModel.swift; sourceTree = "<group>"; };
/* End PBXFileReference section */

/* Begin PBXFrameworksBuildPhase section */
		55E381872ABCBA7800F46ADB /* Frameworks */ = {
			isa = PBXFrameworksBuildPhase;
			buildActionMask = 2147483647;
			files = (
			);
			runOnlyForDeploymentPostprocessing = 0;
		};
		55E381972ABCBA7A00F46ADB /* Frameworks */ = {
			isa = PBXFrameworksBuildPhase;
			buildActionMask = 2147483647;
			files = (
			);
			runOnlyForDeploymentPostprocessing = 0;
		};
		55E381A12ABCBA7A00F46ADB /* Frameworks */ = {
			isa = PBXFrameworksBuildPhase;
			buildActionMask = 2147483647;
			files = (
			);
			runOnlyForDeploymentPostprocessing = 0;
		};
/* End PBXFrameworksBuildPhase section */

/* Begin PBXGroup section */
		5550B7FA2AC0A72A00D7AA67 /* UI */ = {
			isa = PBXGroup;
			children = (
				5550B7FB2AC0A73200D7AA67 /* Home */,
			);
			path = UI;
			sourceTree = "<group>";
		};
		5550B7FB2AC0A73200D7AA67 /* Home */ = {
			isa = PBXGroup;
			children = (
				5550B7FD2AC0A74F00D7AA67 /* Components */,
				55E3818F2ABCBA7800F46ADB /* ContentView.swift */,
				55E381C32ABCE95D00F46ADB /* ContentViewModel.swift */,
			);
			path = Home;
			sourceTree = "<group>";
		};
		5550B7FC2AC0A73C00D7AA67 /* App */ = {
			isa = PBXGroup;
			children = (
				55E3818D2ABCBA7800F46ADB /* TUIGroupApp.swift */,
			);
			path = App;
			sourceTree = "<group>";
		};
		5550B7FD2AC0A74F00D7AA67 /* Components */ = {
			isa = PBXGroup;
			children = (
				5550B7FF2AC0A77200D7AA67 /* MapView */,
				5550B7FE2AC0A76100D7AA67 /* TUITextfield */,
			);
			path = Components;
			sourceTree = "<group>";
		};
		5550B7FE2AC0A76100D7AA67 /* TUITextfield */ = {
			isa = PBXGroup;
			children = (
				5550B7F82AC06DB800D7AA67 /* TUITexflied.swift */,
			);
			path = TUITextfield;
			sourceTree = "<group>";
		};
		5550B7FF2AC0A77200D7AA67 /* MapView */ = {
			isa = PBXGroup;
			children = (
				5550B7F42AC0448100D7AA67 /* MapViewModel.swift */,
				5550B7F62AC049A800D7AA67 /* MapViewRepresentable.swift */,
			);
			path = MapView;
			sourceTree = "<group>";
		};
		5550B8002AC0A78200D7AA67 /* Utils */ = {
			isa = PBXGroup;
			children = (
				5550B8012AC0A78800D7AA67 /* Extensions */,
			);
			path = Utils;
			sourceTree = "<group>";
		};
		5550B8012AC0A78800D7AA67 /* Extensions */ = {
			isa = PBXGroup;
			children = (
				55E381BB2ABCBCE500F46ADB /* Strings+Extensions.swift */,
			);
			path = Extensions;
			sourceTree = "<group>";
		};
		5550B8022AC0A7AA00D7AA67 /* Commons */ = {
			isa = PBXGroup;
			children = (
				5550B8042AC0A7C900D7AA67 /* Models */,
				5550B8032AC0A7BF00D7AA67 /* Services */,
				5550B80B2AC0A8E400D7AA67 /* Constants.swift */,
			);
			path = Commons;
			sourceTree = "<group>";
		};
		5550B8032AC0A7BF00D7AA67 /* Services */ = {
			isa = PBXGroup;
			children = (
				55E381BD2ABCBD4300F46ADB /* CitiesService.swift */,
			);
			path = Services;
			sourceTree = "<group>";
		};
		5550B8042AC0A7C900D7AA67 /* Models */ = {
			isa = PBXGroup;
			children = (
				55E381C12ABCC32000F46ADB /* Connection.swift */,
				5550B8052AC0A81B00D7AA67 /* Action.swift */,
				5550B8072AC0A82F00D7AA67 /* FlightType.swift */,
				5550B8092AC0A85400D7AA67 /* AnnotatedItem.swift */,
			);
			path = Models;
			sourceTree = "<group>";
		};
		5550B80F2AC0AE5400D7AA67 /* Mock */ = {
			isa = PBXGroup;
			children = (
				5550B8102AC0AE6300D7AA67 /* CitiServiceMock.swift */,
			);
			path = Mock;
			sourceTree = "<group>";
		};
		55E381812ABCBA7800F46ADB = {
			isa = PBXGroup;
			children = (
				55E3818C2ABCBA7800F46ADB /* TUIGroup */,
				55E3819D2ABCBA7A00F46ADB /* TUIGroupTests */,
				55E381A72ABCBA7A00F46ADB /* TUIGroupUITests */,
				55E3818B2ABCBA7800F46ADB /* Products */,
			);
			sourceTree = "<group>";
		};
		55E3818B2ABCBA7800F46ADB /* Products */ = {
			isa = PBXGroup;
			children = (
				55E3818A2ABCBA7800F46ADB /* TUIGroup.app */,
				55E3819A2ABCBA7A00F46ADB /* TUIGroupTests.xctest */,
				55E381A42ABCBA7A00F46ADB /* TUIGroupUITests.xctest */,
			);
			name = Products;
			sourceTree = "<group>";
		};
		55E3818C2ABCBA7800F46ADB /* TUIGroup */ = {
			isa = PBXGroup;
			children = (
				5550B7FC2AC0A73C00D7AA67 /* App */,
				5550B8022AC0A7AA00D7AA67 /* Commons */,
				5550B7FA2AC0A72A00D7AA67 /* UI */,
				5550B8002AC0A78200D7AA67 /* Utils */,
				55E381912ABCBA7A00F46ADB /* Assets.xcassets */,
				55E381932ABCBA7A00F46ADB /* Preview Content */,
			);
			path = TUIGroup;
			sourceTree = "<group>";
		};
		55E381932ABCBA7A00F46ADB /* Preview Content */ = {
			isa = PBXGroup;
			children = (
				55E381942ABCBA7A00F46ADB /* Preview Assets.xcassets */,
			);
			path = "Preview Content";
			sourceTree = "<group>";
		};
		55E3819D2ABCBA7A00F46ADB /* TUIGroupTests */ = {
			isa = PBXGroup;
			children = (
				5550B80F2AC0AE5400D7AA67 /* Mock */,
				5550B80D2AC0AD4F00D7AA67 /* ContentViewModelTests.swift */,
			);
			path = TUIGroupTests;
			sourceTree = "<group>";
		};
		55E381A72ABCBA7A00F46ADB /* TUIGroupUITests */ = {
			isa = PBXGroup;
			children = (
				5550B8142AC0D85600D7AA67 /* ContentViewUITests.swift */,
			);
			path = TUIGroupUITests;
			sourceTree = "<group>";
		};
/* End PBXGroup section */

/* Begin PBXNativeTarget section */
		55E381892ABCBA7800F46ADB /* TUIGroup */ = {
			isa = PBXNativeTarget;
			buildConfigurationList = 55E381AE2ABCBA7A00F46ADB /* Build configuration list for PBXNativeTarget "TUIGroup" */;
			buildPhases = (
				55E381862ABCBA7800F46ADB /* Sources */,
				55E381872ABCBA7800F46ADB /* Frameworks */,
				55E381882ABCBA7800F46ADB /* Resources */,
			);
			buildRules = (
			);
			dependencies = (
			);
			name = TUIGroup;
			productName = TUIGroup;
			productReference = 55E3818A2ABCBA7800F46ADB /* TUIGroup.app */;
			productType = "com.apple.product-type.application";
		};
		55E381992ABCBA7A00F46ADB /* TUIGroupTests */ = {
			isa = PBXNativeTarget;
			buildConfigurationList = 55E381B12ABCBA7A00F46ADB /* Build configuration list for PBXNativeTarget "TUIGroupTests" */;
			buildPhases = (
				55E381962ABCBA7A00F46ADB /* Sources */,
				55E381972ABCBA7A00F46ADB /* Frameworks */,
				55E381982ABCBA7A00F46ADB /* Resources */,
			);
			buildRules = (
			);
			dependencies = (
				55E3819C2ABCBA7A00F46ADB /* PBXTargetDependency */,
			);
			name = TUIGroupTests;
			productName = TUIGroupTests;
			productReference = 55E3819A2ABCBA7A00F46ADB /* TUIGroupTests.xctest */;
			productType = "com.apple.product-type.bundle.unit-test";
		};
		55E381A32ABCBA7A00F46ADB /* TUIGroupUITests */ = {
			isa = PBXNativeTarget;
			buildConfigurationList = 55E381B42ABCBA7A00F46ADB /* Build configuration list for PBXNativeTarget "TUIGroupUITests" */;
			buildPhases = (
				55E381A02ABCBA7A00F46ADB /* Sources */,
				55E381A12ABCBA7A00F46ADB /* Frameworks */,
				55E381A22ABCBA7A00F46ADB /* Resources */,
			);
			buildRules = (
			);
			dependencies = (
				55E381A62ABCBA7A00F46ADB /* PBXTargetDependency */,
			);
			name = TUIGroupUITests;
			productName = TUIGroupUITests;
			productReference = 55E381A42ABCBA7A00F46ADB /* TUIGroupUITests.xctest */;
			productType = "com.apple.product-type.bundle.ui-testing";
		};
/* End PBXNativeTarget section */

/* Begin PBXProject section */
		55E381822ABCBA7800F46ADB /* Project object */ = {
			isa = PBXProject;
			attributes = {
				BuildIndependentTargetsInParallel = 1;
				LastSwiftUpdateCheck = 1430;
				LastUpgradeCheck = 1430;
				TargetAttributes = {
					55E381892ABCBA7800F46ADB = {
						CreatedOnToolsVersion = 14.3;
					};
					55E381992ABCBA7A00F46ADB = {
						CreatedOnToolsVersion = 14.3;
						TestTargetID = 55E381892ABCBA7800F46ADB;
					};
					55E381A32ABCBA7A00F46ADB = {
						CreatedOnToolsVersion = 14.3;
						TestTargetID = 55E381892ABCBA7800F46ADB;
					};
				};
			};
			buildConfigurationList = 55E381852ABCBA7800F46ADB /* Build configuration list for PBXProject "TUIGroup" */;
			compatibilityVersion = "Xcode 14.0";
			developmentRegion = en;
			hasScannedForEncodings = 0;
			knownRegions = (
				en,
				Base,
			);
			mainGroup = 55E381812ABCBA7800F46ADB;
			productRefGroup = 55E3818B2ABCBA7800F46ADB /* Products */;
			projectDirPath = "";
			projectRoot = "";
			targets = (
				55E381892ABCBA7800F46ADB /* TUIGroup */,
				55E381992ABCBA7A00F46ADB /* TUIGroupTests */,
				55E381A32ABCBA7A00F46ADB /* TUIGroupUITests */,
			);
		};
/* End PBXProject section */

/* Begin PBXResourcesBuildPhase section */
		55E381882ABCBA7800F46ADB /* Resources */ = {
			isa = PBXResourcesBuildPhase;
			buildActionMask = 2147483647;
			files = (
				55E381952ABCBA7A00F46ADB /* Preview Assets.xcassets in Resources */,
				55E381922ABCBA7A00F46ADB /* Assets.xcassets in Resources */,
			);
			runOnlyForDeploymentPostprocessing = 0;
		};
		55E381982ABCBA7A00F46ADB /* Resources */ = {
			isa = PBXResourcesBuildPhase;
			buildActionMask = 2147483647;
			files = (
			);
			runOnlyForDeploymentPostprocessing = 0;
		};
		55E381A22ABCBA7A00F46ADB /* Resources */ = {
			isa = PBXResourcesBuildPhase;
			buildActionMask = 2147483647;
			files = (
			);
			runOnlyForDeploymentPostprocessing = 0;
		};
/* End PBXResourcesBuildPhase section */

/* Begin PBXSourcesBuildPhase section */
		55E381862ABCBA7800F46ADB /* Sources */ = {
			isa = PBXSourcesBuildPhase;
			buildActionMask = 2147483647;
			files = (
				5550B8082AC0A82F00D7AA67 /* FlightType.swift in Sources */,
				55E381C42ABCE95D00F46ADB /* ContentViewModel.swift in Sources */,
				55E381BC2ABCBCE500F46ADB /* Strings+Extensions.swift in Sources */,
				55E381902ABCBA7800F46ADB /* ContentView.swift in Sources */,
				5550B8062AC0A81B00D7AA67 /* Action.swift in Sources */,
				5550B7F72AC049A800D7AA67 /* MapViewRepresentable.swift in Sources */,
				55E381BE2ABCBD4300F46ADB /* CitiesService.swift in Sources */,
				5550B80C2AC0A8E400D7AA67 /* Constants.swift in Sources */,
				5550B80A2AC0A85400D7AA67 /* AnnotatedItem.swift in Sources */,
				55E3818E2ABCBA7800F46ADB /* TUIGroupApp.swift in Sources */,
				55E381C22ABCC32000F46ADB /* Connection.swift in Sources */,
				5550B7F52AC0448100D7AA67 /* MapViewModel.swift in Sources */,
				5550B7F92AC06DB800D7AA67 /* TUITexflied.swift in Sources */,
			);
			runOnlyForDeploymentPostprocessing = 0;
		};
		55E381962ABCBA7A00F46ADB /* Sources */ = {
			isa = PBXSourcesBuildPhase;
			buildActionMask = 2147483647;
			files = (
				5550B8132AC0D27900D7AA67 /* CitiServiceMock.swift in Sources */,
				5550B80E2AC0AD4F00D7AA67 /* ContentViewModelTests.swift in Sources */,
			);
			runOnlyForDeploymentPostprocessing = 0;
		};
		55E381A02ABCBA7A00F46ADB /* Sources */ = {
			isa = PBXSourcesBuildPhase;
			buildActionMask = 2147483647;
			files = (
				5550B8152AC0D85600D7AA67 /* ContentViewUITests.swift in Sources */,
			);
			runOnlyForDeploymentPostprocessing = 0;
		};
/* End PBXSourcesBuildPhase section */

/* Begin PBXTargetDependency section */
		55E3819C2ABCBA7A00F46ADB /* PBXTargetDependency */ = {
			isa = PBXTargetDependency;
			target = 55E381892ABCBA7800F46ADB /* TUIGroup */;
			targetProxy = 55E3819B2ABCBA7A00F46ADB /* PBXContainerItemProxy */;
		};
		55E381A62ABCBA7A00F46ADB /* PBXTargetDependency */ = {
			isa = PBXTargetDependency;
			target = 55E381892ABCBA7800F46ADB /* TUIGroup */;
			targetProxy = 55E381A52ABCBA7A00F46ADB /* PBXContainerItemProxy */;
		};
/* End PBXTargetDependency section */

/* Begin XCBuildConfiguration section */
		55E381AC2ABCBA7A00F46ADB /* Debug */ = {
			isa = XCBuildConfiguration;
			buildSettings = {
				ALWAYS_SEARCH_USER_PATHS = NO;
				CLANG_ANALYZER_NONNULL = YES;
				CLANG_ANALYZER_NUMBER_OBJECT_CONVERSION = YES_AGGRESSIVE;
				CLANG_CXX_LANGUAGE_STANDARD = "gnu++20";
				CLANG_ENABLE_MODULES = YES;
				CLANG_ENABLE_OBJC_ARC = YES;
				CLANG_ENABLE_OBJC_WEAK = YES;
				CLANG_WARN_BLOCK_CAPTURE_AUTORELEASING = YES;
				CLANG_WARN_BOOL_CONVERSION = YES;
				CLANG_WARN_COMMA = YES;
				CLANG_WARN_CONSTANT_CONVERSION = YES;
				CLANG_WARN_DEPRECATED_OBJC_IMPLEMENTATIONS = YES;
				CLANG_WARN_DIRECT_OBJC_ISA_USAGE = YES_ERROR;
				CLANG_WARN_DOCUMENTATION_COMMENTS = YES;
				CLANG_WARN_EMPTY_BODY = YES;
				CLANG_WARN_ENUM_CONVERSION = YES;
				CLANG_WARN_INFINITE_RECURSION = YES;
				CLANG_WARN_INT_CONVERSION = YES;
				CLANG_WARN_NON_LITERAL_NULL_CONVERSION = YES;
				CLANG_WARN_OBJC_IMPLICIT_RETAIN_SELF = YES;
				CLANG_WARN_OBJC_LITERAL_CONVERSION = YES;
				CLANG_WARN_OBJC_ROOT_CLASS = YES_ERROR;
				CLANG_WARN_QUOTED_INCLUDE_IN_FRAMEWORK_HEADER = YES;
				CLANG_WARN_RANGE_LOOP_ANALYSIS = YES;
				CLANG_WARN_STRICT_PROTOTYPES = YES;
				CLANG_WARN_SUSPICIOUS_MOVE = YES;
				CLANG_WARN_UNGUARDED_AVAILABILITY = YES_AGGRESSIVE;
				CLANG_WARN_UNREACHABLE_CODE = YES;
				CLANG_WARN__DUPLICATE_METHOD_MATCH = YES;
				COPY_PHASE_STRIP = NO;
				DEBUG_INFORMATION_FORMAT = dwarf;
				ENABLE_STRICT_OBJC_MSGSEND = YES;
				ENABLE_TESTABILITY = YES;
				GCC_C_LANGUAGE_STANDARD = gnu11;
				GCC_DYNAMIC_NO_PIC = NO;
				GCC_NO_COMMON_BLOCKS = YES;
				GCC_OPTIMIZATION_LEVEL = 0;
				GCC_PREPROCESSOR_DEFINITIONS = (
					"DEBUG=1",
					"$(inherited)",
				);
				GCC_WARN_64_TO_32_BIT_CONVERSION = YES;
				GCC_WARN_ABOUT_RETURN_TYPE = YES_ERROR;
				GCC_WARN_UNDECLARED_SELECTOR = YES;
				GCC_WARN_UNINITIALIZED_AUTOS = YES_AGGRESSIVE;
				GCC_WARN_UNUSED_FUNCTION = YES;
				GCC_WARN_UNUSED_VARIABLE = YES;
				IPHONEOS_DEPLOYMENT_TARGET = 16.4;
				MTL_ENABLE_DEBUG_INFO = INCLUDE_SOURCE;
				MTL_FAST_MATH = YES;
				ONLY_ACTIVE_ARCH = YES;
				SDKROOT = iphoneos;
				SWIFT_ACTIVE_COMPILATION_CONDITIONS = DEBUG;
				SWIFT_OPTIMIZATION_LEVEL = "-Onone";
			};
			name = Debug;
		};
		55E381AD2ABCBA7A00F46ADB /* Release */ = {
			isa = XCBuildConfiguration;
			buildSettings = {
				ALWAYS_SEARCH_USER_PATHS = NO;
				CLANG_ANALYZER_NONNULL = YES;
				CLANG_ANALYZER_NUMBER_OBJECT_CONVERSION = YES_AGGRESSIVE;
				CLANG_CXX_LANGUAGE_STANDARD = "gnu++20";
				CLANG_ENABLE_MODULES = YES;
				CLANG_ENABLE_OBJC_ARC = YES;
				CLANG_ENABLE_OBJC_WEAK = YES;
				CLANG_WARN_BLOCK_CAPTURE_AUTORELEASING = YES;
				CLANG_WARN_BOOL_CONVERSION = YES;
				CLANG_WARN_COMMA = YES;
				CLANG_WARN_CONSTANT_CONVERSION = YES;
				CLANG_WARN_DEPRECATED_OBJC_IMPLEMENTATIONS = YES;
				CLANG_WARN_DIRECT_OBJC_ISA_USAGE = YES_ERROR;
				CLANG_WARN_DOCUMENTATION_COMMENTS = YES;
				CLANG_WARN_EMPTY_BODY = YES;
				CLANG_WARN_ENUM_CONVERSION = YES;
				CLANG_WARN_INFINITE_RECURSION = YES;
				CLANG_WARN_INT_CONVERSION = YES;
				CLANG_WARN_NON_LITERAL_NULL_CONVERSION = YES;
				CLANG_WARN_OBJC_IMPLICIT_RETAIN_SELF = YES;
				CLANG_WARN_OBJC_LITERAL_CONVERSION = YES;
				CLANG_WARN_OBJC_ROOT_CLASS = YES_ERROR;
				CLANG_WARN_QUOTED_INCLUDE_IN_FRAMEWORK_HEADER = YES;
				CLANG_WARN_RANGE_LOOP_ANALYSIS = YES;
				CLANG_WARN_STRICT_PROTOTYPES = YES;
				CLANG_WARN_SUSPICIOUS_MOVE = YES;
				CLANG_WARN_UNGUARDED_AVAILABILITY = YES_AGGRESSIVE;
				CLANG_WARN_UNREACHABLE_CODE = YES;
				CLANG_WARN__DUPLICATE_METHOD_MATCH = YES;
				COPY_PHASE_STRIP = NO;
				DEBUG_INFORMATION_FORMAT = "dwarf-with-dsym";
				ENABLE_NS_ASSERTIONS = NO;
				ENABLE_STRICT_OBJC_MSGSEND = YES;
				GCC_C_LANGUAGE_STANDARD = gnu11;
				GCC_NO_COMMON_BLOCKS = YES;
				GCC_WARN_64_TO_32_BIT_CONVERSION = YES;
				GCC_WARN_ABOUT_RETURN_TYPE = YES_ERROR;
				GCC_WARN_UNDECLARED_SELECTOR = YES;
				GCC_WARN_UNINITIALIZED_AUTOS = YES_AGGRESSIVE;
				GCC_WARN_UNUSED_FUNCTION = YES;
				GCC_WARN_UNUSED_VARIABLE = YES;
				IPHONEOS_DEPLOYMENT_TARGET = 16.4;
				MTL_ENABLE_DEBUG_INFO = NO;
				MTL_FAST_MATH = YES;
				SDKROOT = iphoneos;
				SWIFT_COMPILATION_MODE = wholemodule;
				SWIFT_OPTIMIZATION_LEVEL = "-O";
				VALIDATE_PRODUCT = YES;
			};
			name = Release;
		};
		55E381AF2ABCBA7A00F46ADB /* Debug */ = {
			isa = XCBuildConfiguration;
			buildSettings = {
				ASSETCATALOG_COMPILER_APPICON_NAME = AppIcon;
				ASSETCATALOG_COMPILER_GLOBAL_ACCENT_COLOR_NAME = AccentColor;
				CODE_SIGN_STYLE = Automatic;
				CURRENT_PROJECT_VERSION = 1;
				DEVELOPMENT_ASSET_PATHS = "\"TUIGroup/Preview Content\"";
				ENABLE_PREVIEWS = YES;
				GENERATE_INFOPLIST_FILE = YES;
				INFOPLIST_KEY_UIApplicationSceneManifest_Generation = YES;
				INFOPLIST_KEY_UIApplicationSupportsIndirectInputEvents = YES;
				INFOPLIST_KEY_UILaunchScreen_Generation = YES;
				INFOPLIST_KEY_UISupportedInterfaceOrientations_iPad = "UIInterfaceOrientationPortrait UIInterfaceOrientationPortraitUpsideDown UIInterfaceOrientationLandscapeLeft UIInterfaceOrientationLandscapeRight";
				INFOPLIST_KEY_UISupportedInterfaceOrientations_iPhone = "UIInterfaceOrientationPortrait UIInterfaceOrientationLandscapeLeft UIInterfaceOrientationLandscapeRight";
				LD_RUNPATH_SEARCH_PATHS = (
					"$(inherited)",
					"@executable_path/Frameworks",
				);
				MARKETING_VERSION = 1.0;
				PRODUCT_BUNDLE_IDENTIFIER = com.oscargarrucho.TUIGroup;
				PRODUCT_NAME = "$(TARGET_NAME)";
				SWIFT_EMIT_LOC_STRINGS = YES;
				SWIFT_VERSION = 5.0;
				TARGETED_DEVICE_FAMILY = "1,2";
			};
			name = Debug;
		};
		55E381B02ABCBA7A00F46ADB /* Release */ = {
			isa = XCBuildConfiguration;
			buildSettings = {
				ASSETCATALOG_COMPILER_APPICON_NAME = AppIcon;
				ASSETCATALOG_COMPILER_GLOBAL_ACCENT_COLOR_NAME = AccentColor;
				CODE_SIGN_STYLE = Automatic;
				CURRENT_PROJECT_VERSION = 1;
				DEVELOPMENT_ASSET_PATHS = "\"TUIGroup/Preview Content\"";
				ENABLE_PREVIEWS = YES;
				GENERATE_INFOPLIST_FILE = YES;
				INFOPLIST_KEY_UIApplicationSceneManifest_Generation = YES;
				INFOPLIST_KEY_UIApplicationSupportsIndirectInputEvents = YES;
				INFOPLIST_KEY_UILaunchScreen_Generation = YES;
				INFOPLIST_KEY_UISupportedInterfaceOrientations_iPad = "UIInterfaceOrientationPortrait UIInterfaceOrientationPortraitUpsideDown UIInterfaceOrientationLandscapeLeft UIInterfaceOrientationLandscapeRight";
				INFOPLIST_KEY_UISupportedInterfaceOrientations_iPhone = "UIInterfaceOrientationPortrait UIInterfaceOrientationLandscapeLeft UIInterfaceOrientationLandscapeRight";
				LD_RUNPATH_SEARCH_PATHS = (
					"$(inherited)",
					"@executable_path/Frameworks",
				);
				MARKETING_VERSION = 1.0;
				PRODUCT_BUNDLE_IDENTIFIER = com.oscargarrucho.TUIGroup;
				PRODUCT_NAME = "$(TARGET_NAME)";
				SWIFT_EMIT_LOC_STRINGS = YES;
				SWIFT_VERSION = 5.0;
				TARGETED_DEVICE_FAMILY = "1,2";
			};
			name = Release;
		};
		55E381B22ABCBA7A00F46ADB /* Debug */ = {
			isa = XCBuildConfiguration;
			buildSettings = {
				ALWAYS_EMBED_SWIFT_STANDARD_LIBRARIES = YES;
				BUNDLE_LOADER = "$(TEST_HOST)";
				CODE_SIGN_STYLE = Automatic;
				CURRENT_PROJECT_VERSION = 1;
				GENERATE_INFOPLIST_FILE = YES;
				IPHONEOS_DEPLOYMENT_TARGET = 16.4;
				MARKETING_VERSION = 1.0;
				PRODUCT_BUNDLE_IDENTIFIER = com.oscargarrucho.TUIGroupTests;
				PRODUCT_NAME = "$(TARGET_NAME)";
				SWIFT_EMIT_LOC_STRINGS = NO;
				SWIFT_VERSION = 5.0;
				TARGETED_DEVICE_FAMILY = "1,2";
				TEST_HOST = "$(BUILT_PRODUCTS_DIR)/TUIGroup.app/$(BUNDLE_EXECUTABLE_FOLDER_PATH)/TUIGroup";
			};
			name = Debug;
		};
		55E381B32ABCBA7A00F46ADB /* Release */ = {
			isa = XCBuildConfiguration;
			buildSettings = {
				ALWAYS_EMBED_SWIFT_STANDARD_LIBRARIES = YES;
				BUNDLE_LOADER = "$(TEST_HOST)";
				CODE_SIGN_STYLE = Automatic;
				CURRENT_PROJECT_VERSION = 1;
				GENERATE_INFOPLIST_FILE = YES;
				IPHONEOS_DEPLOYMENT_TARGET = 16.4;
				MARKETING_VERSION = 1.0;
				PRODUCT_BUNDLE_IDENTIFIER = com.oscargarrucho.TUIGroupTests;
				PRODUCT_NAME = "$(TARGET_NAME)";
				SWIFT_EMIT_LOC_STRINGS = NO;
				SWIFT_VERSION = 5.0;
				TARGETED_DEVICE_FAMILY = "1,2";
				TEST_HOST = "$(BUILT_PRODUCTS_DIR)/TUIGroup.app/$(BUNDLE_EXECUTABLE_FOLDER_PATH)/TUIGroup";
			};
			name = Release;
		};
		55E381B52ABCBA7A00F46ADB /* Debug */ = {
			isa = XCBuildConfiguration;
			buildSettings = {
				ALWAYS_EMBED_SWIFT_STANDARD_LIBRARIES = YES;
				CODE_SIGN_STYLE = Automatic;
				CURRENT_PROJECT_VERSION = 1;
				GENERATE_INFOPLIST_FILE = YES;
				MARKETING_VERSION = 1.0;
				PRODUCT_BUNDLE_IDENTIFIER = com.oscargarrucho.TUIGroupUITests;
				PRODUCT_NAME = "$(TARGET_NAME)";
				SWIFT_EMIT_LOC_STRINGS = NO;
				SWIFT_VERSION = 5.0;
				TARGETED_DEVICE_FAMILY = "1,2";
				TEST_TARGET_NAME = TUIGroup;
			};
			name = Debug;
		};
		55E381B62ABCBA7A00F46ADB /* Release */ = {
			isa = XCBuildConfiguration;
			buildSettings = {
				ALWAYS_EMBED_SWIFT_STANDARD_LIBRARIES = YES;
				CODE_SIGN_STYLE = Automatic;
				CURRENT_PROJECT_VERSION = 1;
				GENERATE_INFOPLIST_FILE = YES;
				MARKETING_VERSION = 1.0;
				PRODUCT_BUNDLE_IDENTIFIER = com.oscargarrucho.TUIGroupUITests;
				PRODUCT_NAME = "$(TARGET_NAME)";
				SWIFT_EMIT_LOC_STRINGS = NO;
				SWIFT_VERSION = 5.0;
				TARGETED_DEVICE_FAMILY = "1,2";
				TEST_TARGET_NAME = TUIGroup;
			};
			name = Release;
		};
/* End XCBuildConfiguration section */

/* Begin XCConfigurationList section */
		55E381852ABCBA7800F46ADB /* Build configuration list for PBXProject "TUIGroup" */ = {
			isa = XCConfigurationList;
			buildConfigurations = (
				55E381AC2ABCBA7A00F46ADB /* Debug */,
				55E381AD2ABCBA7A00F46ADB /* Release */,
			);
			defaultConfigurationIsVisible = 0;
			defaultConfigurationName = Release;
		};
		55E381AE2ABCBA7A00F46ADB /* Build configuration list for PBXNativeTarget "TUIGroup" */ = {
			isa = XCConfigurationList;
			buildConfigurations = (
				55E381AF2ABCBA7A00F46ADB /* Debug */,
				55E381B02ABCBA7A00F46ADB /* Release */,
			);
			defaultConfigurationIsVisible = 0;
			defaultConfigurationName = Release;
		};
		55E381B12ABCBA7A00F46ADB /* Build configuration list for PBXNativeTarget "TUIGroupTests" */ = {
			isa = XCConfigurationList;
			buildConfigurations = (
				55E381B22ABCBA7A00F46ADB /* Debug */,
				55E381B32ABCBA7A00F46ADB /* Release */,
			);
			defaultConfigurationIsVisible = 0;
			defaultConfigurationName = Release;
		};
		55E381B42ABCBA7A00F46ADB /* Build configuration list for PBXNativeTarget "TUIGroupUITests" */ = {
			isa = XCConfigurationList;
			buildConfigurations = (
				55E381B52ABCBA7A00F46ADB /* Debug */,
				55E381B62ABCBA7A00F46ADB /* Release */,
			);
			defaultConfigurationIsVisible = 0;
			defaultConfigurationName = Release;
		};
/* End XCConfigurationList section */
	};
	rootObject = 55E381822ABCBA7800F46ADB /* Project object */;
}
